
Microsoft Visual Studio Solution File, Format Version 12.00
# Visual Studio 15
VisualStudioVersion = 15.0.26124.0
MinimumVisualStudioVersion = 15.0.26124.0
Project("{2150E333-8FDC-42A3-9474-1A3956D46DE8}") = "source", "source", "{76A3A1FB-A4D4-4CF5-BCE9-AE6D8DEE4CAF}"
EndProject
Project("{FAE04EC0-301F-11D3-BF4B-00C04F79EFBC}") = "Fano.CQRS", "source\Fano.CQRS\Fano.CQRS.csproj", "{43B546C5-2EFE-4664-BD10-A826E1236985}"
EndProject
Project("{FAE04EC0-301F-11D3-BF4B-00C04F79EFBC}") = "Fano.CQRS.EventSourcing", "source\Fano.CQRS.EventSourcing\Fano.CQRS.EventSourcing.csproj", "{C209D0C3-A997-429B-A660-2E85D032182C}"
EndProject
Project("{FAE04EC0-301F-11D3-BF4B-00C04F79EFBC}") = "Fano.CQRS.EventSourcing.Tests", "source\Fano.CQRS.EventSourcing.Tests\Fano.CQRS.EventSourcing.Tests.csproj", "{3AA9CD56-FF48-4AFC-B805-584AAA2FC853}"
EndProject
Global
	GlobalSection(SolutionConfigurationPlatforms) = preSolution
		Debug|Any CPU = Debug|Any CPU
		Debug|x64 = Debug|x64
		Debug|x86 = Debug|x86
		Release|Any CPU = Release|Any CPU
		Release|x64 = Release|x64
		Release|x86 = Release|x86
	EndGlobalSection
	GlobalSection(SolutionProperties) = preSolution
		HideSolutionNode = FALSE
	EndGlobalSection
	GlobalSection(ProjectConfigurationPlatforms) = postSolution
		{43B546C5-2EFE-4664-BD10-A826E1236985}.Debug|Any CPU.ActiveCfg = Debug|Any CPU
		{43B546C5-2EFE-4664-BD10-A826E1236985}.Debug|Any CPU.Build.0 = Debug|Any CPU
		{43B546C5-2EFE-4664-BD10-A826E1236985}.Debug|x64.ActiveCfg = Debug|x64
		{43B546C5-2EFE-4664-BD10-A826E1236985}.Debug|x64.Build.0 = Debug|x64
		{43B546C5-2EFE-4664-BD10-A826E1236985}.Debug|x86.ActiveCfg = Debug|x86
		{43B546C5-2EFE-4664-BD10-A826E1236985}.Debug|x86.Build.0 = Debug|x86
		{43B546C5-2EFE-4664-BD10-A826E1236985}.Release|Any CPU.ActiveCfg = Release|Any CPU
		{43B546C5-2EFE-4664-BD10-A826E1236985}.Release|Any CPU.Build.0 = Release|Any CPU
		{43B546C5-2EFE-4664-BD10-A826E1236985}.Release|x64.ActiveCfg = Release|x64
		{43B546C5-2EFE-4664-BD10-A826E1236985}.Release|x64.Build.0 = Release|x64
		{43B546C5-2EFE-4664-BD10-A826E1236985}.Release|x86.ActiveCfg = Release|x86
		{43B546C5-2EFE-4664-BD10-A826E1236985}.Release|x86.Build.0 = Release|x86
		{C209D0C3-A997-429B-A660-2E85D032182C}.Debug|Any CPU.ActiveCfg = Debug|Any CPU
		{C209D0C3-A997-429B-A660-2E85D032182C}.Debug|Any CPU.Build.0 = Debug|Any CPU
		{C209D0C3-A997-429B-A660-2E85D032182C}.Debug|x64.ActiveCfg = Debug|x64
		{C209D0C3-A997-429B-A660-2E85D032182C}.Debug|x64.Build.0 = Debug|x64
		{C209D0C3-A997-429B-A660-2E85D032182C}.Debug|x86.ActiveCfg = Debug|x86
		{C209D0C3-A997-429B-A660-2E85D032182C}.Debug|x86.Build.0 = Debug|x86
		{C209D0C3-A997-429B-A660-2E85D032182C}.Release|Any CPU.ActiveCfg = Release|Any CPU
		{C209D0C3-A997-429B-A660-2E85D032182C}.Release|Any CPU.Build.0 = Release|Any CPU
		{C209D0C3-A997-429B-A660-2E85D032182C}.Release|x64.ActiveCfg = Release|x64
		{C209D0C3-A997-429B-A660-2E85D032182C}.Release|x64.Build.0 = Release|x64
		{C209D0C3-A997-429B-A660-2E85D032182C}.Release|x86.ActiveCfg = Release|x86
		{C209D0C3-A997-429B-A660-2E85D032182C}.Release|x86.Build.0 = Release|x86
		{3AA9CD56-FF48-4AFC-B805-584AAA2FC853}.Debug|Any CPU.ActiveCfg = Debug|Any CPU
		{3AA9CD56-FF48-4AFC-B805-584AAA2FC853}.Debug|Any CPU.Build.0 = Debug|Any CPU
		{3AA9CD56-FF48-4AFC-B805-584AAA2FC853}.Debug|x64.ActiveCfg = Debug|x64
		{3AA9CD56-FF48-4AFC-B805-584AAA2FC853}.Debug|x64.Build.0 = Debug|x64
		{3AA9CD56-FF48-4AFC-B805-584AAA2FC853}.Debug|x86.ActiveCfg = Debug|x86
		{3AA9CD56-FF48-4AFC-B805-584AAA2FC853}.Debug|x86.Build.0 = Debug|x86
		{3AA9CD56-FF48-4AFC-B805-584AAA2FC853}.Release|Any CPU.ActiveCfg = Release|Any CPU
		{3AA9CD56-FF48-4AFC-B805-584AAA2FC853}.Release|Any CPU.Build.0 = Release|Any CPU
		{3AA9CD56-FF48-4AFC-B805-584AAA2FC853}.Release|x64.ActiveCfg = Release|x64
		{3AA9CD56-FF48-4AFC-B805-584AAA2FC853}.Release|x64.Build.0 = Release|x64
		{3AA9CD56-FF48-4AFC-B805-584AAA2FC853}.Release|x86.ActiveCfg = Release|x86
		{3AA9CD56-FF48-4AFC-B805-584AAA2FC853}.Release|x86.Build.0 = Release|x86
	EndGlobalSection
	GlobalSection(NestedProjects) = preSolution
		{43B546C5-2EFE-4664-BD10-A826E1236985} = {76A3A1FB-A4D4-4CF5-BCE9-AE6D8DEE4CAF}
		{C209D0C3-A997-429B-A660-2E85D032182C} = {76A3A1FB-A4D4-4CF5-BCE9-AE6D8DEE4CAF}
		{3AA9CD56-FF48-4AFC-B805-584AAA2FC853} = {76A3A1FB-A4D4-4CF5-BCE9-AE6D8DEE4CAF}
	EndGlobalSection
EndGlobal
